
Microsoft Visual Studio Solution File, Format Version 12.00
# Visual Studio Version 17
VisualStudioVersion = 17.9.34728.123
MinimumVisualStudioVersion = 10.0.40219.1
Project("{FAE04EC0-301F-11D3-BF4B-00C04F79EFBC}") = "DapperDemo", "DapperDemo\DapperDemo.csproj", "{7FF4513F-6399-4A21-AD9B-3E4FA53BBBB8}"
EndProject
Project("{FAE04EC0-301F-11D3-BF4B-00C04F79EFBC}") = "AccesoDatos", "AccesoDatos\AccesoDatos.csproj", "{D1E2DD0D-1C37-467B-8506-FD699B1494B6}"
EndProject
Global
	GlobalSection(SolutionConfigurationPlatforms) = preSolution
		Debug|Any CPU = Debug|Any CPU
		Release|Any CPU = Release|Any CPU
	EndGlobalSection
	GlobalSection(ProjectConfigurationPlatforms) = postSolution
		{7FF4513F-6399-4A21-AD9B-3E4FA53BBBB8}.Debug|Any CPU.ActiveCfg = Debug|Any CPU
		{7FF4513F-6399-4A21-AD9B-3E4FA53BBBB8}.Debug|Any CPU.Build.0 = Debug|Any CPU
		{7FF4513F-6399-4A21-AD9B-3E4FA53BBBB8}.Release|Any CPU.ActiveCfg = Release|Any CPU
		{7FF4513F-6399-4A21-AD9B-3E4FA53BBBB8}.Release|Any CPU.Build.0 = Release|Any CPU
		{D1E2DD0D-1C37-467B-8506-FD699B1494B6}.Debug|Any CPU.ActiveCfg = Debug|Any CPU
		{D1E2DD0D-1C37-467B-8506-FD699B1494B6}.Debug|Any CPU.Build.0 = Debug|Any CPU
		{D1E2DD0D-1C37-467B-8506-FD699B1494B6}.Release|Any CPU.ActiveCfg = Release|Any CPU
		{D1E2DD0D-1C37-467B-8506-FD699B1494B6}.Release|Any CPU.Build.0 = Release|Any CPU
	EndGlobalSection
	GlobalSection(SolutionProperties) = preSolution
		HideSolutionNode = FALSE
	EndGlobalSection
	GlobalSection(ExtensibilityGlobals) = postSolution
		SolutionGuid = {F42B6BDE-FEEB-4EFA-8BE0-DF654E6EB5D7}
	EndGlobalSection
EndGlobal
