
Microsoft Visual Studio Solution File, Format Version 12.00
# Visual Studio Version 17
VisualStudioVersion = 17.9.34728.123
MinimumVisualStudioVersion = 10.0.40219.1
Project("{FAE04EC0-301F-11D3-BF4B-00C04F79EFBC}") = "CapaDesconectada", "CapaDesconectada\CapaDesconectada.csproj", "{89566B3A-C9A9-42AA-A86C-47B0C5049522}"
EndProject
Project("{FAE04EC0-301F-11D3-BF4B-00C04F79EFBC}") = "AccesoDatos", "AccesoDatos\AccesoDatos.csproj", "{4A14663D-E772-4ABA-B737-E30CDC2BAF0A}"
EndProject
Global
	GlobalSection(SolutionConfigurationPlatforms) = preSolution
		Debug|Any CPU = Debug|Any CPU
		Release|Any CPU = Release|Any CPU
	EndGlobalSection
	GlobalSection(ProjectConfigurationPlatforms) = postSolution
		{89566B3A-C9A9-42AA-A86C-47B0C5049522}.Debug|Any CPU.ActiveCfg = Debug|Any CPU
		{89566B3A-C9A9-42AA-A86C-47B0C5049522}.Debug|Any CPU.Build.0 = Debug|Any CPU
		{89566B3A-C9A9-42AA-A86C-47B0C5049522}.Release|Any CPU.ActiveCfg = Release|Any CPU
		{89566B3A-C9A9-42AA-A86C-47B0C5049522}.Release|Any CPU.Build.0 = Release|Any CPU
		{4A14663D-E772-4ABA-B737-E30CDC2BAF0A}.Debug|Any CPU.ActiveCfg = Debug|Any CPU
		{4A14663D-E772-4ABA-B737-E30CDC2BAF0A}.Debug|Any CPU.Build.0 = Debug|Any CPU
		{4A14663D-E772-4ABA-B737-E30CDC2BAF0A}.Release|Any CPU.ActiveCfg = Release|Any CPU
		{4A14663D-E772-4ABA-B737-E30CDC2BAF0A}.Release|Any CPU.Build.0 = Release|Any CPU
	EndGlobalSection
	GlobalSection(SolutionProperties) = preSolution
		HideSolutionNode = FALSE
	EndGlobalSection
	GlobalSection(ExtensibilityGlobals) = postSolution
		SolutionGuid = {B38406CE-F94B-4EB5-8236-D65E6D807E24}
	EndGlobalSection
EndGlobal
